
Microsoft Visual Studio Solution File, Format Version 12.00
# Visual Studio 2013
VisualStudioVersion = 12.0.21005.1
MinimumVisualStudioVersion = 10.0.40219.1
Project("{9092AA53-FB77-4645-B42D-1CCCA6BD08BD}") = "ApiDoc.GruntParser", "ApiDoc.GruntParser\ApiDoc.GruntParser.njsproj", "{2F2B30B0-A864-4528-9690-2E85FD76BA59}"
EndProject
Project("{FAE04EC0-301F-11D3-BF4B-00C04F79EFBC}") = "ApiDoc.WebApi", "ApiDoc.WebApi\ApiDoc.WebApi.csproj", "{36CC57D9-EB59-424B-AB62-3C722EAFA462}"
EndProject
Global
	GlobalSection(SolutionConfigurationPlatforms) = preSolution
		Debug|Any CPU = Debug|Any CPU
		Release|Any CPU = Release|Any CPU
	EndGlobalSection
	GlobalSection(ProjectConfigurationPlatforms) = postSolution
		{2F2B30B0-A864-4528-9690-2E85FD76BA59}.Debug|Any CPU.ActiveCfg = Debug|Any CPU
		{2F2B30B0-A864-4528-9690-2E85FD76BA59}.Debug|Any CPU.Build.0 = Debug|Any CPU
		{2F2B30B0-A864-4528-9690-2E85FD76BA59}.Release|Any CPU.ActiveCfg = Release|Any CPU
		{2F2B30B0-A864-4528-9690-2E85FD76BA59}.Release|Any CPU.Build.0 = Release|Any CPU
		{36CC57D9-EB59-424B-AB62-3C722EAFA462}.Debug|Any CPU.ActiveCfg = Debug|Any CPU
		{36CC57D9-EB59-424B-AB62-3C722EAFA462}.Debug|Any CPU.Build.0 = Debug|Any CPU
		{36CC57D9-EB59-424B-AB62-3C722EAFA462}.Release|Any CPU.ActiveCfg = Release|Any CPU
		{36CC57D9-EB59-424B-AB62-3C722EAFA462}.Release|Any CPU.Build.0 = Release|Any CPU
	EndGlobalSection
	GlobalSection(SolutionProperties) = preSolution
		HideSolutionNode = FALSE
	EndGlobalSection
EndGlobal
